{
  "name": "mplat-i18n-support",
  "version": "0.1.3",
  "lockfileVersion": 3,
  "requires": true,
  "packages": {
    "": {
      "name": "mplat-i18n-support",
      "version": "0.1.3",
      "hasInstallScript": true,
      "dependencies": {
        "reactive-vscode": "^0.3.0"
      },
      "devDependencies": {
        "@types/node": "^16.18.0",
        "@types/vscode": "^1.74.0",
        "typescript": "^5.0.0"
      },
      "engines": {
        "vscode": "^1.74.0"
      }
    },
    "node_modules/@reactive-vscode/reactivity": {
      "version": "0.3.0",
      "resolved": "https://registry.npmjs.org/@reactive-vscode/reactivity/-/reactivity-0.3.0.tgz",
      "integrity": "sha512-eV9JUTqOjNfYp/RjxBuZhjASxego+HiR0Ze2BxWmElTO4aVzlafrOpDF1gHelcypge8xMMzOl0oWM3015UJMcg==",
      "license": "MIT"
    },
    "node_modules/@types/node": {
      "version": "16.18.126",
      "resolved": "https://registry.npmjs.org/@types/node/-/node-16.18.126.tgz",
      "integrity": "sha512-OTcgaiwfGFBKacvfwuHzzn1KLxH/er8mluiy8/uM3sGXHaRe73RrSIj01jow9t4kJEW633Ov+cOexXeiApTyAw==",
      "dev": true,
      "license": "MIT"
    },
    "node_modules/@types/vscode": {
      "version": "1.101.0",
      "resolved": "https://registry.npmjs.org/@types/vscode/-/vscode-1.101.0.tgz",
      "integrity": "sha512-ZWf0IWa+NGegdW3iU42AcDTFHWW7fApLdkdnBqwYEtHVIBGbTu0ZNQKP/kX3Ds/uMJXIMQNAojHR4vexCEEz5Q==",
      "license": "MIT"
    },
    "node_modules/reactive-vscode": {
      "version": "0.3.0",
      "resolved": "https://registry.npmjs.org/reactive-vscode/-/reactive-vscode-0.3.0.tgz",
      "integrity": "sha512-wV39vjfWl6ezJNwN3ZisskVVjFecDyEa8cCQOmyj2NdczywwAEfXdzTyt8iVlLGKTjaFN8+E/MmPXc2Uva6cgw==",
      "license": "MIT",
      "dependencies": {
        "@reactive-vscode/reactivity": "0.3.0"
      },
      "peerDependencies": {
        "@types/vscode": "^1.101.0"
      }
    },
    "node_modules/typescript": {
      "version": "5.8.3",
      "resolved": "https://registry.npmjs.org/typescript/-/typescript-5.8.3.tgz",
      "integrity": "sha512-p1diW6TqL9L07nNxvRMM7hMMw4c5XOo/1ibL4aAIGmSAt9slTE1Xgw5KWuof2uTOvCg9BY7ZRi+GaF+7sfgPeQ==",
      "dev": true,
      "license": "Apache-2.0",
      "bin": {
        "tsc": "bin/tsc",
        "tsserver": "bin/tsserver"
      },
      "engines": {
        "node": ">=14.17"
      }
    }
  }
}
